
Microsoft Visual Studio Solution File, Format Version 12.00
# Visual Studio Version 17
VisualStudioVersion = 17.4.33122.133
MinimumVisualStudioVersion = 10.0.40219.1
Project("{FAE04EC0-301F-11D3-BF4B-00C04F79EFBC}") = "TranscodeServerApp", "TranscodeServerApp\TranscodeServerApp.csproj", "{0E1EECD0-9D40-4359-9813-4426647C4CEB}"
EndProject
Global
	GlobalSection(SolutionConfigurationPlatforms) = preSolution
		Debug|Any CPU = Debug|Any CPU
		Release|Any CPU = Release|Any CPU
	EndGlobalSection
	GlobalSection(ProjectConfigurationPlatforms) = postSolution
		{0E1EECD0-9D40-4359-9813-4426647C4CEB}.Debug|Any CPU.ActiveCfg = Debug|Any CPU
		{0E1EECD0-9D40-4359-9813-4426647C4CEB}.Debug|Any CPU.Build.0 = Debug|Any CPU
		{0E1EECD0-9D40-4359-9813-4426647C4CEB}.Release|Any CPU.ActiveCfg = Release|Any CPU
		{0E1EECD0-9D40-4359-9813-4426647C4CEB}.Release|Any CPU.Build.0 = Release|Any CPU
	EndGlobalSection
	GlobalSection(SolutionProperties) = preSolution
		HideSolutionNode = FALSE
	EndGlobalSection
	GlobalSection(ExtensibilityGlobals) = postSolution
		SolutionGuid = {FBE8152F-E050-4B8F-A27B-B0A73D924B59}
	EndGlobalSection
EndGlobal
