
Microsoft Visual Studio Solution File, Format Version 12.00
# Visual Studio Version 17
VisualStudioVersion = 17.4.33122.133
MinimumVisualStudioVersion = 10.0.40219.1
Project("{FAE04EC0-301F-11D3-BF4B-00C04F79EFBC}") = "TranscodeNowWebServer", "TranscodeNowWebServer\TranscodeNowWebServer.csproj", "{8B9611D8-FB4C-4C3B-8145-9860CEC11CC6}"
EndProject
Global
	GlobalSection(SolutionConfigurationPlatforms) = preSolution
		Debug|Any CPU = Debug|Any CPU
		Release|Any CPU = Release|Any CPU
	EndGlobalSection
	GlobalSection(ProjectConfigurationPlatforms) = postSolution
		{8B9611D8-FB4C-4C3B-8145-9860CEC11CC6}.Debug|Any CPU.ActiveCfg = Debug|Any CPU
		{8B9611D8-FB4C-4C3B-8145-9860CEC11CC6}.Debug|Any CPU.Build.0 = Debug|Any CPU
		{8B9611D8-FB4C-4C3B-8145-9860CEC11CC6}.Release|Any CPU.ActiveCfg = Release|Any CPU
		{8B9611D8-FB4C-4C3B-8145-9860CEC11CC6}.Release|Any CPU.Build.0 = Release|Any CPU
	EndGlobalSection
	GlobalSection(SolutionProperties) = preSolution
		HideSolutionNode = FALSE
	EndGlobalSection
	GlobalSection(ExtensibilityGlobals) = postSolution
		SolutionGuid = {EAB24822-85E4-4FA6-BEE7-BECF02C4B963}
	EndGlobalSection
EndGlobal
